{
  "name": "libcouch",
  "version": "0.0.1",
  "lockfileVersion": 1,
  "requires": true,
  "dependencies": {
    "@types/caseless": {
      "version": "0.12.1",
      "resolved": "https://registry.npmjs.org/@types/caseless/-/caseless-0.12.1.tgz",
      "integrity": "sha512-FhlMa34NHp9K5MY1Uz8yb+ZvuX0pnvn3jScRSNAb75KHGB8d3rEU6hqMs3Z2vjuytcMfRg6c5CHMc3wtYyD2/A==",
      "dev": true
    },
    "@types/debug": {
      "version": "0.0.30",
      "resolved": "https://registry.npmjs.org/@types/debug/-/debug-0.0.30.tgz",
      "integrity": "sha512-orGL5LXERPYsLov6CWs3Fh6203+dXzJkR7OnddIr2514Hsecwc8xRpzCapshBbKFImCsvS/mk6+FWiN5LyZJAQ==",
      "dev": true
    },
    "@types/events": {
      "version": "1.2.0",
      "resolved": "https://registry.npmjs.org/@types/events/-/events-1.2.0.tgz",
      "integrity": "sha512-KEIlhXnIutzKwRbQkGWb/I4HFqBuUykAdHgDED6xqwXJfONCjF5VoE0cXEiurh3XauygxzeDzgtXUqvLkxFzzA==",
      "dev": true
    },
    "@types/form-data": {
      "version": "2.2.1",
      "resolved": "https://registry.npmjs.org/@types/form-data/-/form-data-2.2.1.tgz",
      "integrity": "sha512-JAMFhOaHIciYVh8fb5/83nmuO/AHwmto+Hq7a9y8FzLDcC1KCU344XDOMEmahnrTFlHjgh4L0WJFczNIX2GxnQ==",
      "dev": true,
      "requires": {
        "@types/node": "*"
      }
    },
    "@types/glob": {
      "version": "5.0.35",
      "resolved": "https://registry.npmjs.org/@types/glob/-/glob-5.0.35.tgz",
      "integrity": "sha512-wc+VveszMLyMWFvXLkloixT4n0harUIVZjnpzztaZ0nKLuul7Z32iMt2fUFGAaZ4y1XWjFRMtCI5ewvyh4aIeg==",
      "dev": true,
      "requires": {
        "@types/events": "*",
        "@types/minimatch": "*",
        "@types/node": "*"
      }
    },
    "@types/minimatch": {
      "version": "3.0.3",
      "resolved": "https://registry.npmjs.org/@types/minimatch/-/minimatch-3.0.3.tgz",
      "integrity": "sha512-tHq6qdbT9U1IRSGf14CL0pUlULksvY9OZ+5eEgl1N7t+OA3tGvNpxJCzuKQlsNgCVwbAs670L1vcVQi8j9HjnA==",
      "dev": true
    },
    "@types/nano": {
      "version": "6.4.6",
      "resolved": "https://registry.npmjs.org/@types/nano/-/nano-6.4.6.tgz",
      "integrity": "sha512-4rhvDQ/0TuLUZXxehuwYfNCiYtuxx/U5Gi8/8dMJp32fr3RmsA2znOdNdMbj5X6ntaMdOmZo+7I5NcYtwmkBJQ==",
      "dev": true,
      "requires": {
        "@types/events": "*",
        "@types/node": "*",
        "@types/request": "*"
      }
    },
    "@types/node": {
      "version": "10.5.8",
      "resolved": "https://registry.npmjs.org/@types/node/-/node-10.5.8.tgz",
      "integrity": "sha512-sWSjw+bYW/2W+1V3m8tVsm9PKJcxk3NHN7oRqNUfEdofKg0Imbdu1dQbFvLKjZQXEDXRN6IfSMACjJ7Wv4NGCQ==",
      "dev": true
    },
    "@types/pouchdb": {
      "version": "6.3.2",
      "resolved": "https://registry.npmjs.org/@types/pouchdb/-/pouchdb-6.3.2.tgz",
      "integrity": "sha512-ZiBUj/DX2lxl2pADevFof4e/wUhen6XuN6qmKNINX6yrMi2+gMjJaK/IoIjpMAANB1opw1u5pUhvwv5uflzA/Q==",
      "dev": true,
      "requires": {
        "@types/pouchdb-adapter-fruitdown": "*",
        "@types/pouchdb-adapter-http": "*",
        "@types/pouchdb-adapter-idb": "*",
        "@types/pouchdb-adapter-leveldb": "*",
        "@types/pouchdb-adapter-localstorage": "*",
        "@types/pouchdb-adapter-memory": "*",
        "@types/pouchdb-adapter-node-websql": "*",
        "@types/pouchdb-adapter-websql": "*",
        "@types/pouchdb-browser": "*",
        "@types/pouchdb-core": "*",
        "@types/pouchdb-http": "*",
        "@types/pouchdb-mapreduce": "*",
        "@types/pouchdb-node": "*",
        "@types/pouchdb-replication": "*"
      }
    },
    "@types/pouchdb-adapter-fruitdown": {
      "version": "6.1.2",
      "resolved": "https://registry.npmjs.org/@types/pouchdb-adapter-fruitdown/-/pouchdb-adapter-fruitdown-6.1.2.tgz",
      "integrity": "sha512-Jec2SlofeKi2PIFIXdKtKg8CyFqYlOUIAV+LYtEw0F9izpQsvK1IcagTbl4yLu+X7EdoeDu0mLpveQ1BEiHXlw==",
      "dev": true,
      "requires": {
        "@types/pouchdb-core": "*"
      }
    },
    "@types/pouchdb-adapter-http": {
      "version": "6.1.2",
      "resolved": "https://registry.npmjs.org/@types/pouchdb-adapter-http/-/pouchdb-adapter-http-6.1.2.tgz",
      "integrity": "sha512-qBOVja5q++gFu9322ZOYTnmPIn11jcMol0yq81I6ylq66vIG6qocA19IQIivDa04qKG6mBLObhGzknUaqypgNw==",
      "dev": true,
      "requires": {
        "@types/pouchdb-core": "*"
      }
    },
    "@types/pouchdb-adapter-idb": {
      "version": "6.1.2",
      "resolved": "https://registry.npmjs.org/@types/pouchdb-adapter-idb/-/pouchdb-adapter-idb-6.1.2.tgz",
      "integrity": "sha512-qsfCkXKEjE0A/OtGumpGt6ODDmsLt/NOrMb0c0lI7c/vWtsDJC86Kk8dnNhkk1XOOKkopr2/L3stvTE/IfKTMg==",
      "dev": true,
      "requires": {
        "@types/pouchdb-core": "*"
      }
    },
    "@types/pouchdb-adapter-leveldb": {
      "version": "6.1.2",
      "resolved": "https://registry.npmjs.org/@types/pouchdb-adapter-leveldb/-/pouchdb-adapter-leveldb-6.1.2.tgz",
      "integrity": "sha512-YZNGO2fKuqbj0o32fVdxOA8jhA4AQkjMU19Gm0ktAeBPvG4fQDKXvVZsQewCDS5i4pfy2OZZ/sOT9nxrB3gnbg==",
      "dev": true,
      "requires": {
        "@types/pouchdb-core": "*"
      }
    },
    "@types/pouchdb-adapter-localstorage": {
      "version": "6.1.2",
      "resolved": "https://registry.npmjs.org/@types/pouchdb-adapter-localstorage/-/pouchdb-adapter-localstorage-6.1.2.tgz",
      "integrity": "sha512-mVp5naEHkHtPQiWDSIYaWyQmeYeBirRVJVj73i8oatAvJtdMYGZrWYSxZhxu+zohSX7GUoU0aFknFsGWbHMieQ==",
      "dev": true,
      "requires": {
        "@types/pouchdb-core": "*"
      }
    },
    "@types/pouchdb-adapter-memory": {
      "version": "6.1.2",
      "resolved": "https://registry.npmjs.org/@types/pouchdb-adapter-memory/-/pouchdb-adapter-memory-6.1.2.tgz",
      "integrity": "sha512-qNRBLqOA+NMOHqsw2eHQDtb0PobiEOYPYWwjAgPTeM/5HLo+d7xuOiE9Br0PgnXTJnpu8D4KO6htOgnkEb7x0w==",
      "dev": true,
      "requires": {
        "@types/pouchdb-core": "*"
      }
    },
    "@types/pouchdb-adapter-node-websql": {
      "version": "6.1.2",
      "resolved": "https://registry.npmjs.org/@types/pouchdb-adapter-node-websql/-/pouchdb-adapter-node-websql-6.1.2.tgz",
      "integrity": "sha512-GY0Zq92lkQtOoIFeMMPfXnhO0jAh3es/BlqB9vbPqxoTLTxC40oeVg8RPP4ODbGRI5nyMvhX7kvJr7HEMExZCA==",
      "dev": true,
      "requires": {
        "@types/pouchdb-adapter-websql": "*",
        "@types/pouchdb-core": "*"
      }
    },
    "@types/pouchdb-adapter-websql": {
      "version": "6.1.2",
      "resolved": "https://registry.npmjs.org/@types/pouchdb-adapter-websql/-/pouchdb-adapter-websql-6.1.2.tgz",
      "integrity": "sha512-IjnRVo6u9fAiGl635wmmNXBioPBM66Z/bMeNcmLT71D5DdjK8bQMSWAXYQhL3iIh31qQsDPiR8tkrDSrNMJWIA==",
      "dev": true,
      "requires": {
        "@types/pouchdb-core": "*"
      }
    },
    "@types/pouchdb-browser": {
      "version": "6.1.2",
      "resolved": "https://registry.npmjs.org/@types/pouchdb-browser/-/pouchdb-browser-6.1.2.tgz",
      "integrity": "sha512-SC/bapNNJOeUI0zeJ04N2l3SKHu6vDL8G/94HnGhLgOhqGnrGKWreoJv9E5piXjMvaLhdBHwA2y8VJEoqb03bA==",
      "dev": true,
      "requires": {
        "@types/pouchdb-adapter-http": "*",
        "@types/pouchdb-adapter-idb": "*",
        "@types/pouchdb-adapter-websql": "*",
        "@types/pouchdb-core": "*",
        "@types/pouchdb-mapreduce": "*",
        "@types/pouchdb-replication": "*"
      }
    },
    "@types/pouchdb-core": {
      "version": "6.4.2",
      "resolved": "https://registry.npmjs.org/@types/pouchdb-core/-/pouchdb-core-6.4.2.tgz",
      "integrity": "sha512-lU0jB5LNkCCbDMtKjFcDeXZof5ZqXIRHqNvF+3ILz4K44+ODgescHROYtyoVzdYadGU3Y7I1TcLKNTrcXM7H+g==",
      "dev": true,
      "requires": {
        "@types/debug": "*",
        "@types/pouchdb-find": "*"
      }
    },
    "@types/pouchdb-find": {
      "version": "6.3.3",
      "resolved": "https://registry.npmjs.org/@types/pouchdb-find/-/pouchdb-find-6.3.3.tgz",
      "integrity": "sha512-VF/t7JzoNxybPQCav0aWmb9TDuqXj7hYhOat/Ys8zITZ1o35FujJOKmBZdV5gtCC2aDQMBjaD6VVUxcwvF8NWA==",
      "dev": true,
      "requires": {
        "@types/pouchdb-core": "*"
      }
    },
    "@types/pouchdb-http": {
      "version": "6.1.2",
      "resolved": "https://registry.npmjs.org/@types/pouchdb-http/-/pouchdb-http-6.1.2.tgz",
      "integrity": "sha512-M91m92r6K3LmjJ2dz4DN9jOUPfAccYGo4y6J3y6sseq5Rws5uxVA5felBUI04AOvW7V2Hyjnn0/UhBcVcZzX7g==",
      "dev": true,
      "requires": {
        "@types/pouchdb-adapter-http": "*",
        "@types/pouchdb-core": "*"
      }
    },
    "@types/pouchdb-mapreduce": {
      "version": "6.1.3",
      "resolved": "https://registry.npmjs.org/@types/pouchdb-mapreduce/-/pouchdb-mapreduce-6.1.3.tgz",
      "integrity": "sha512-ZXA5bZO/fHQgYfdTj04frxFEi6DWiflcfFoUAeyiBzyVeCsSIkdHS2UwBjbu9Szcci3jKT8U9d3mruLwsRmOaQ==",
      "dev": true,
      "requires": {
        "@types/pouchdb-core": "*"
      }
    },
    "@types/pouchdb-node": {
      "version": "6.1.2",
      "resolved": "https://registry.npmjs.org/@types/pouchdb-node/-/pouchdb-node-6.1.2.tgz",
      "integrity": "sha512-A3zqpBoJLNSWHsiHnWr6dkI+nap/Ij+6loKKFqYwAi6PhNDH5yB+lKmgdq2cv8I2BUTlLDLO6dQ/wdVGt3WjYg==",
      "dev": true,
      "requires": {
        "@types/pouchdb-adapter-http": "*",
        "@types/pouchdb-adapter-leveldb": "*",
        "@types/pouchdb-core": "*",
        "@types/pouchdb-mapreduce": "*",
        "@types/pouchdb-replication": "*"
      }
    },
    "@types/pouchdb-replication": {
      "version": "6.4.0",
      "resolved": "https://registry.npmjs.org/@types/pouchdb-replication/-/pouchdb-replication-6.4.0.tgz",
      "integrity": "sha512-+DEigPn5+Waoi9tL3EB4ES0Ry/3lNCRVzWsvWQNM3CiGWEwulBy8EnpeEbxIL8562XM2znv8+KaQzNy2psMvVQ==",
      "dev": true,
      "requires": {
        "@types/pouchdb-core": "*",
        "@types/pouchdb-find": "*"
      }
    },
    "@types/request": {
      "version": "2.47.1",
      "resolved": "https://registry.npmjs.org/@types/request/-/request-2.47.1.tgz",
      "integrity": "sha512-TV3XLvDjQbIeVxJ1Z3oCTDk/KuYwwcNKVwz2YaT0F5u86Prgc4syDAp6P96rkTQQ4bIdh+VswQIC9zS6NjY7/g==",
      "dev": true,
      "requires": {
        "@types/caseless": "*",
        "@types/form-data": "*",
        "@types/node": "*",
        "@types/tough-cookie": "*"
      }
    },
    "@types/tough-cookie": {
      "version": "2.3.3",
      "resolved": "https://registry.npmjs.org/@types/tough-cookie/-/tough-cookie-2.3.3.tgz",
      "integrity": "sha512-MDQLxNFRLasqS4UlkWMSACMKeSm1x4Q3TxzUC7KQUsh6RK1ZrQ0VEyE3yzXcBu+K8ejVj4wuX32eUG02yNp+YQ==",
      "dev": true
    },
    "balanced-match": {
      "version": "1.0.0",
      "resolved": "https://registry.npmjs.org/balanced-match/-/balanced-match-1.0.0.tgz",
      "integrity": "sha1-ibTRmasr7kneFk6gK4nORi1xt2c="
    },
    "brace-expansion": {
      "version": "1.1.11",
      "resolved": "https://registry.npmjs.org/brace-expansion/-/brace-expansion-1.1.11.tgz",
      "integrity": "sha512-iCuPHDFgrHX7H2vEI/5xpz07zSHB00TpugqhmYtVmMO6518mCuRMoOYFldEBl0g187ufozdaHgWKcYFb61qGiA==",
      "requires": {
        "balanced-match": "^1.0.0",
        "concat-map": "0.0.1"
      }
    },
    "concat-map": {
      "version": "0.0.1",
      "resolved": "https://registry.npmjs.org/concat-map/-/concat-map-0.0.1.tgz",
      "integrity": "sha1-2Klr13/Wjfd5OnMDajug1UBdR3s="
    },
    "fs.realpath": {
      "version": "1.0.0",
      "resolved": "https://registry.npmjs.org/fs.realpath/-/fs.realpath-1.0.0.tgz",
      "integrity": "sha1-FQStJSMVjKpA20onh8sBQRmU6k8="
    },
    "glob": {
      "version": "7.1.2",
      "resolved": "https://registry.npmjs.org/glob/-/glob-7.1.2.tgz",
      "integrity": "sha512-MJTUg1kjuLeQCJ+ccE4Vpa6kKVXkPYJ2mOCQyUuKLcLQsdrMCpBPUi8qVE6+YuaJkozeA9NusTAw3hLr8Xe5EQ==",
      "requires": {
        "fs.realpath": "^1.0.0",
        "inflight": "^1.0.4",
        "inherits": "2",
        "minimatch": "^3.0.4",
        "once": "^1.3.0",
        "path-is-absolute": "^1.0.0"
      }
    },
    "inflight": {
      "version": "1.0.6",
      "resolved": "https://registry.npmjs.org/inflight/-/inflight-1.0.6.tgz",
      "integrity": "sha1-Sb1jMdfQLQwJvJEKEHW6gWW1bfk=",
      "requires": {
        "once": "^1.3.0",
        "wrappy": "1"
      }
    },
    "inherits": {
      "version": "2.0.3",
      "resolved": "https://registry.npmjs.org/inherits/-/inherits-2.0.3.tgz",
      "integrity": "sha1-Yzwsg+PaQqUC9SRmAiSA9CCCYd4="
    },
    "minimatch": {
      "version": "3.0.4",
      "resolved": "https://registry.npmjs.org/minimatch/-/minimatch-3.0.4.tgz",
      "integrity": "sha512-yJHVQEhyqPLUTgt9B83PXu6W3rx4MvvHvSUvToogpwoGDOUQ+yDrR0HRot+yOCdCO7u4hX3pWft6kWBBcqh0UA==",
      "requires": {
        "brace-expansion": "^1.1.7"
      }
    },
    "once": {
      "version": "1.4.0",
      "resolved": "https://registry.npmjs.org/once/-/once-1.4.0.tgz",
      "integrity": "sha1-WDsap3WWHUsROsF9nFC6753Xa9E=",
      "requires": {
        "wrappy": "1"
      }
    },
    "path-is-absolute": {
      "version": "1.0.1",
      "resolved": "https://registry.npmjs.org/path-is-absolute/-/path-is-absolute-1.0.1.tgz",
      "integrity": "sha1-F0uSaHNVNP+8es5r9TpanhtcX18="
    },
    "typescript": {
      "version": "3.0.1",
      "resolved": "https://registry.npmjs.org/typescript/-/typescript-3.0.1.tgz",
      "integrity": "sha512-zQIMOmC+372pC/CCVLqnQ0zSBiY7HHodU7mpQdjiZddek4GMj31I3dUJ7gAs9o65X7mnRma6OokOkc6f9jjfBg==",
      "dev": true
    },
    "wrappy": {
      "version": "1.0.2",
      "resolved": "https://registry.npmjs.org/wrappy/-/wrappy-1.0.2.tgz",
      "integrity": "sha1-tSQ9jz7BqjXxNkYFvA0QNuMKtp8="
    }
  }
}
